{
  "name": "heptagram",
  "version": "1.5.1",
  "lockfileVersion": 1,
  "requires": true,
  "dependencies": {
    "french-badwords-list": {
      "version": "1.0.5",
      "resolved": "https://registry.npmjs.org/french-badwords-list/-/french-badwords-list-1.0.5.tgz",
      "integrity": "sha512-MZ4tpLH+GNlFEx62RLZAttE/ZvmYf42M3MFwh9QK/l4TV6WgZWy1bx4xI3z9mjuLh5GWQQ5jLOx8BFUAwt99tw=="
    },
    "leo-profanity": {
      "version": "1.3.0",
      "resolved": "https://registry.npmjs.org/leo-profanity/-/leo-profanity-1.3.0.tgz",
      "integrity": "sha512-muRCLSKPqfduVNpSOsXUBmfUSJvIJpnP2PrrZI7ba1/OuVLBCPX+ZH1jCGDf6+lOP8+qGcyviB45oerjdcM1Bw==",
      "requires": {
        "french-badwords-list": "^1.0.5"
      }
    }
  }
}
